
Microsoft Visual Studio Solution File, Format Version 12.00
# Visual Studio Version 17
VisualStudioVersion = 17.5.33530.505
MinimumVisualStudioVersion = 10.0.40219.1
Project("{FAE04EC0-301F-11D3-BF4B-00C04F79EFBC}") = "DocumentUploadAndViewer", "DocumentUploadAndViewer\DocumentUploadAndViewer.csproj", "{788CCD38-F2AA-4F7A-A55D-1FD4E7F86258}"
EndProject
Global
	GlobalSection(SolutionConfigurationPlatforms) = preSolution
		Debug|Any CPU = Debug|Any CPU
		Release|Any CPU = Release|Any CPU
	EndGlobalSection
	GlobalSection(ProjectConfigurationPlatforms) = postSolution
		{788CCD38-F2AA-4F7A-A55D-1FD4E7F86258}.Debug|Any CPU.ActiveCfg = Debug|Any CPU
		{788CCD38-F2AA-4F7A-A55D-1FD4E7F86258}.Debug|Any CPU.Build.0 = Debug|Any CPU
		{788CCD38-F2AA-4F7A-A55D-1FD4E7F86258}.Release|Any CPU.ActiveCfg = Release|Any CPU
		{788CCD38-F2AA-4F7A-A55D-1FD4E7F86258}.Release|Any CPU.Build.0 = Release|Any CPU
	EndGlobalSection
	GlobalSection(SolutionProperties) = preSolution
		HideSolutionNode = FALSE
	EndGlobalSection
	GlobalSection(ExtensibilityGlobals) = postSolution
		SolutionGuid = {669FE622-50B9-4D46-AA12-A2A7AE8521FD}
	EndGlobalSection
EndGlobal
